
Microsoft Visual Studio Solution File, Format Version 12.00
# Visual Studio 15
VisualStudioVersion = 15.0.28307.489
MinimumVisualStudioVersion = 10.0.40219.1
Project("{FAE04EC0-301F-11D3-BF4B-00C04F79EFBC}") = "WebApplication2", "WebApplication2\WebApplication2.csproj", "{6F5CA63F-E316-4CEF-8ED0-233798059643}"
EndProject
Project("{FAE04EC0-301F-11D3-BF4B-00C04F79EFBC}") = "WebApplication3", "WebApplication3\WebApplication3.csproj", "{F4783DC3-5A1E-4A85-9995-A9A81EF12F9F}"
EndProject
Global
	GlobalSection(SolutionConfigurationPlatforms) = preSolution
		Debug|Any CPU = Debug|Any CPU
		Release|Any CPU = Release|Any CPU
	EndGlobalSection
	GlobalSection(ProjectConfigurationPlatforms) = postSolution
		{6F5CA63F-E316-4CEF-8ED0-233798059643}.Debug|Any CPU.ActiveCfg = Debug|Any CPU
		{6F5CA63F-E316-4CEF-8ED0-233798059643}.Debug|Any CPU.Build.0 = Debug|Any CPU
		{6F5CA63F-E316-4CEF-8ED0-233798059643}.Release|Any CPU.ActiveCfg = Release|Any CPU
		{6F5CA63F-E316-4CEF-8ED0-233798059643}.Release|Any CPU.Build.0 = Release|Any CPU
		{F4783DC3-5A1E-4A85-9995-A9A81EF12F9F}.Debug|Any CPU.ActiveCfg = Debug|Any CPU
		{F4783DC3-5A1E-4A85-9995-A9A81EF12F9F}.Debug|Any CPU.Build.0 = Debug|Any CPU
		{F4783DC3-5A1E-4A85-9995-A9A81EF12F9F}.Release|Any CPU.ActiveCfg = Release|Any CPU
		{F4783DC3-5A1E-4A85-9995-A9A81EF12F9F}.Release|Any CPU.Build.0 = Release|Any CPU
	EndGlobalSection
	GlobalSection(SolutionProperties) = preSolution
		HideSolutionNode = FALSE
	EndGlobalSection
	GlobalSection(ExtensibilityGlobals) = postSolution
		SolutionGuid = {1BCB34C4-60C9-4861-BA66-1B470B321437}
	EndGlobalSection
EndGlobal
